<?xml version="1.0" encoding="utf-8"?>
<Project ToolsVersion="4.0" xmlns="http://schemas.microsoft.com/developer/msbuild/2003">
  <ItemGroup>
    <Filter Include="Source Files">
      <UniqueIdentifier>{4FC737F1-C7A5-4376-A066-2A32D752A2FF}</UniqueIdentifier>
    </Filter>
    <Filter Include="Header Files">
      <UniqueIdentifier>{93995380-89BD-4b04-88EB-625FBE52EBFB}</UniqueIdentifier>
    </Filter>
    <Filter Include="Core">
      <UniqueIdentifier>{2B6E9C1D-7A44-4F0E-9C21-5D3A8E7F1B01}</UniqueIdentifier>
    </Filter>
    <Filter Include="Engine">
      <UniqueIdentifier>{6C1F4E2A-93B7-4D58-8A0E-1F7B2C9D4E02}</UniqueIdentifier>
    </Filter>
    <Filter Include="External">
      <UniqueIdentifier>{8D1C2F6A-3B4E-4C5D-9A7B-6E2F1D0C9B8A}</UniqueIdentifier>
    </Filter>
    <Filter Include="External\MinHook">
      <UniqueIdentifier>{A3E5D7C9-1B2F-4E6A-8C0D-9F1E2A3B4C03}</UniqueIdentifier>
    </Filter>
    <Filter Include="Hooks">
      <UniqueIdentifier>{4df0d205-28fe-4fdc-8223-2d0c967fa444}</UniqueIdentifier>
    </Filter>
    <Filter Include="Application">
      <UniqueIdentifier>{D77E3D4B-A974-488A-BE6D-7CEAFB1FBC17}</UniqueIdentifier>
    </Filter>
    <Filter Include="Windows">
      <UniqueIdentifier>{C596FB6C-A20A-4EDB-A064-E4AB6E54DA2E}</UniqueIdentifier>
    </Filter>
  </ItemGroup>
  <ItemGroup>
    <ClInclude Include="pch.h">
      <Filter>Header Files</Filter>
    </ClInclude>
    <ClInclude Include="framework.h">
      <Filter>Header Files</Filter>
    </ClInclude>
    <ClInclude Include="Spicewood.h">
      <Filter>Application</Filter>
    </ClInclude>
    <ClInclude Include="Core\Console.h">
      <Filter>Core</Filter>
    </ClInclude>
    <ClInclude Include="Core\Memory.h">
      <Filter>Core</Filter>
    </ClInclude>
    <ClInclude Include="Core\Strings.h">
      <Filter>Core</Filter>
    </ClInclude>
    <ClInclude Include="Engine\Objects.h">
      <Filter>Engine</Filter>
    </ClInclude>
    <ClInclude Include="Engine\Offsets.h">
      <Filter>Engine</Filter>
    </ClInclude>
    <ClInclude Include="Engine\Unreal.h">
      <Filter>Engine</Filter>
    </ClInclude>
    <ClInclude Include="external\minhook\include\MinHook.h">
      <Filter>External\MinHook</Filter>
    </ClInclude>
    <ClInclude Include="Aegis.h">
      <Filter>Windows</Filter>
    </ClInclude>
    <ClInclude Include="Hooks.h">
      <Filter>Core</Filter>
    </ClInclude>
    <ClInclude Include="ProcessEvent.h">
      <Filter>Hooks</Filter>
    </ClInclude>
  </ItemGroup>
  <ItemGroup>
    <ClCompile Include="dllmain.cpp">
      <Filter>Application</Filter>
    </ClCompile>
    <ClCompile Include="pch.cpp">
      <Filter>Source Files</Filter>
    </ClCompile>
    <ClCompile Include="Spicewood.cpp">
      <Filter>Application</Filter>
    </ClCompile>
    <ClCompile Include="Core\Console.cpp">
      <Filter>Core</Filter>
    </ClCompile>
    <ClCompile Include="Core\Strings.cpp">
      <Filter>Core</Filter>
    </ClCompile>
    <ClCompile Include="Engine\Objects.cpp">
      <Filter>Engine</Filter>
    </ClCompile>
    <ClCompile Include="external\minhook\src\buffer.c">
      <Filter>External\MinHook</Filter>
    </ClCompile>
    <ClCompile Include="external\minhook\src\hook.c">
      <Filter>External\MinHook</Filter>
    </ClCompile>
    <ClCompile Include="external\minhook\src\trampoline.c">
      <Filter>External\MinHook</Filter>
    </ClCompile>
    <ClCompile Include="external\minhook\src\hde\hde32.c">
      <Filter>External\MinHook</Filter>
    </ClCompile>
    <ClCompile Include="external\minhook\src\hde\hde64.c">
      <Filter>External\MinHook</Filter>
    </ClCompile>
    <ClCompile Include="Aegis.cpp">
      <Filter>Windows</Filter>
    </ClCompile>
    <ClCompile Include="Hooks.cpp">
      <Filter>Core</Filter>
    </ClCompile>
    <ClCompile Include="ProcessEvent.cpp">
      <Filter>Hooks</Filter>
    </ClCompile>
  </ItemGroup>
</Project>